# This file was autogenerated by Stack.
# You should not edit this file by hand.
# For more information, please see the documentation at:
#   https://docs.haskellstack.org/en/stable/lock_files

packages:
- completed:
    commit: 68009a05262afac40e0111e6abcebf7616f496d9
    git: https://github.com/scotty-web/scotty.git
    name: scotty
    pantry-tree:
      sha256: c6f968ba04d864a77b15b3f2fe9c402881dc43774ecd669e4386f7420f3f17a6
      size: 2486
    version: '0.22'
  original:
    commit: 68009a05262afac40e0111e6abcebf7616f496d9
    git: https://github.com/scotty-web/scotty.git
snapshots:
- completed:
    sha256: bc144ddf301a5c99f2cf51c7de50279ba144fd4486cb3c66f87ed761d6bbf6e9
    size: 719131
    url: https://raw.githubusercontent.com/commercialhaskell/stackage-snapshots/master/lts/22/27.yaml
  original:
    url: https://raw.githubusercontent.com/commercialhaskell/stackage-snapshots/master/lts/22/27.yaml
